
Microsoft Visual Studio Solution File, Format Version 12.00
# Visual Studio Version 17
VisualStudioVersion = 17.0.31903.59
MinimumVisualStudioVersion = 10.0.40219.1
Project("{FAE04EC0-301F-11D3-BF4B-00C04F79EFBC}") = "Platform.Shared", "shared\Platform.Shared\Platform.Shared.csproj", "{A1111111-1111-1111-1111-111111111111}"
EndProject
Project("{FAE04EC0-301F-11D3-BF4B-00C04F79EFBC}") = "Platform.ServiceHost", "backend\Platform.ServiceHost\Platform.ServiceHost.csproj", "{B2222222-2222-2222-2222-222222222222}"
EndProject
Project("{FAE04EC0-301F-11D3-BF4B-00C04F79EFBC}") = "Platform.Agent", "agent\core\Platform.Agent\Platform.Agent.csproj", "{C3333333-3333-3333-3333-333333333333}"
EndProject
Project("{FAE04EC0-301F-11D3-BF4B-00C04F79EFBC}") = "Platform.Tests", "testing\Platform.Tests\Platform.Tests.csproj", "{D4444444-4444-4444-4444-444444444444}"
EndProject
Project("{FAE04EC0-301F-11D3-BF4B-00C04F79EFBC}") = "Platform.Infrastructure", "infrastructure\Platform.Infrastructure\Platform.Infrastructure.csproj", "{E5555555-5555-5555-5555-555555555555}"
EndProject
Project("{2150E333-8FDC-42A3-9474-1A3956D46DE8}") = "tools", "tools", "{8758A798-EABA-48B7-8EF5-2E75A43DD900}"
EndProject
Project("{FAE04EC0-301F-11D3-BF4B-00C04F79EFBC}") = "Platform.Pki", "tools\Platform.Pki\Platform.Pki.csproj", "{B551B186-24EE-4352-8E65-4AD0D817FDAF}"
EndProject
Project("{FAE04EC0-301F-11D3-BF4B-00C04F79EFBC}") = "ProcessGenerator", "tools\ProcessGenerator\ProcessGenerator.csproj", "{DFD15AFD-1653-4FA2-AD8C-84C6EBDC3D93}"
EndProject
Global
	GlobalSection(SolutionConfigurationPlatforms) = preSolution
		Debug|Any CPU = Debug|Any CPU
		Release|Any CPU = Release|Any CPU
	EndGlobalSection
	GlobalSection(ProjectConfigurationPlatforms) = postSolution
		{A1111111-1111-1111-1111-111111111111}.Debug|Any CPU.ActiveCfg = Debug|Any CPU
		{A1111111-1111-1111-1111-111111111111}.Debug|Any CPU.Build.0 = Debug|Any CPU
		{A1111111-1111-1111-1111-111111111111}.Release|Any CPU.ActiveCfg = Release|Any CPU
		{A1111111-1111-1111-1111-111111111111}.Release|Any CPU.Build.0 = Release|Any CPU
		{B2222222-2222-2222-2222-222222222222}.Debug|Any CPU.ActiveCfg = Debug|Any CPU
		{B2222222-2222-2222-2222-222222222222}.Debug|Any CPU.Build.0 = Debug|Any CPU
		{B2222222-2222-2222-2222-222222222222}.Release|Any CPU.ActiveCfg = Release|Any CPU
		{B2222222-2222-2222-2222-222222222222}.Release|Any CPU.Build.0 = Release|Any CPU
		{C3333333-3333-3333-3333-333333333333}.Debug|Any CPU.ActiveCfg = Debug|Any CPU
		{C3333333-3333-3333-3333-333333333333}.Debug|Any CPU.Build.0 = Debug|Any CPU
		{C3333333-3333-3333-3333-333333333333}.Release|Any CPU.ActiveCfg = Release|Any CPU
		{C3333333-3333-3333-3333-333333333333}.Release|Any CPU.Build.0 = Release|Any CPU
		{D4444444-4444-4444-4444-444444444444}.Debug|Any CPU.ActiveCfg = Debug|Any CPU
		{D4444444-4444-4444-4444-444444444444}.Debug|Any CPU.Build.0 = Debug|Any CPU
		{D4444444-4444-4444-4444-444444444444}.Release|Any CPU.ActiveCfg = Release|Any CPU
		{D4444444-4444-4444-4444-444444444444}.Release|Any CPU.Build.0 = Release|Any CPU
		{E5555555-5555-5555-5555-555555555555}.Debug|Any CPU.ActiveCfg = Debug|Any CPU
		{E5555555-5555-5555-5555-555555555555}.Debug|Any CPU.Build.0 = Debug|Any CPU
		{E5555555-5555-5555-5555-555555555555}.Release|Any CPU.ActiveCfg = Release|Any CPU
		{E5555555-5555-5555-5555-555555555555}.Release|Any CPU.Build.0 = Release|Any CPU
		{B551B186-24EE-4352-8E65-4AD0D817FDAF}.Debug|Any CPU.ActiveCfg = Debug|Any CPU
		{B551B186-24EE-4352-8E65-4AD0D817FDAF}.Debug|Any CPU.Build.0 = Debug|Any CPU
		{B551B186-24EE-4352-8E65-4AD0D817FDAF}.Release|Any CPU.ActiveCfg = Release|Any CPU
		{B551B186-24EE-4352-8E65-4AD0D817FDAF}.Release|Any CPU.Build.0 = Release|Any CPU
		{DFD15AFD-1653-4FA2-AD8C-84C6EBDC3D93}.Debug|Any CPU.ActiveCfg = Debug|Any CPU
		{DFD15AFD-1653-4FA2-AD8C-84C6EBDC3D93}.Debug|Any CPU.Build.0 = Debug|Any CPU
		{DFD15AFD-1653-4FA2-AD8C-84C6EBDC3D93}.Release|Any CPU.ActiveCfg = Release|Any CPU
		{DFD15AFD-1653-4FA2-AD8C-84C6EBDC3D93}.Release|Any CPU.Build.0 = Release|Any CPU
	EndGlobalSection
	GlobalSection(NestedProjects) = preSolution
		{B551B186-24EE-4352-8E65-4AD0D817FDAF} = {8758A798-EABA-48B7-8EF5-2E75A43DD900}
		{DFD15AFD-1653-4FA2-AD8C-84C6EBDC3D93} = {8758A798-EABA-48B7-8EF5-2E75A43DD900}
	EndGlobalSection
EndGlobal
